// !$*UTF8*$!
{
	archiveVersion = 1;
	classes = {
	};
	objectVersion = 56;
	objects = {

/* Begin PBXBuildFile section */
		CF03D6AE28F3B00F0077299B /* VehicleDestination.swift in Sources */ = {isa = PBXBuildFile; fileRef = CF03D6AD28F3B00F0077299B /* VehicleDestination.swift */; };
		CF05F61A28CD09A000B4AD58 /* NavBar.swift in Sources */ = {isa = PBXBuildFile; fileRef = CF05F61928CD09A000B4AD58 /* NavBar.swift */; };
		CF05F62028CD337200B4AD58 /* AppVersion.swift in Sources */ = {isa = PBXBuildFile; fileRef = CF05F61F28CD337200B4AD58 /* AppVersion.swift */; };
		CF181FE628CCB7D600248F72 /* GeoBusApp.swift in Sources */ = {isa = PBXBuildFile; fileRef = CF181FE528CCB7D600248F72 /* GeoBusApp.swift */; };
		CF181FE828CCB7D600248F72 /* ContentView.swift in Sources */ = {isa = PBXBuildFile; fileRef = CF181FE728CCB7D600248F72 /* ContentView.swift */; };
		CF181FEA28CCB7D700248F72 /* Assets.xcassets in Resources */ = {isa = PBXBuildFile; fileRef = CF181FE928CCB7D700248F72 /* Assets.xcassets */; };
		CF181FED28CCB7D700248F72 /* Preview Assets.xcassets in Resources */ = {isa = PBXBuildFile; fileRef = CF181FEC28CCB7D700248F72 /* Preview Assets.xcassets */; };
		CF18202928CCBBDC00248F72 /* TapticEngine.swift in Sources */ = {isa = PBXBuildFile; fileRef = CF18202828CCBBDC00248F72 /* TapticEngine.swift */; };
		CF18204728CCBCC500248F72 /* RouteBadgePill.swift in Sources */ = {isa = PBXBuildFile; fileRef = CF18204128CCBCC500248F72 /* RouteBadgePill.swift */; };
		CF18204828CCBCC500248F72 /* RouteBadgeSquare.swift in Sources */ = {isa = PBXBuildFile; fileRef = CF18204228CCBCC500248F72 /* RouteBadgeSquare.swift */; };
		CF18204928CCBCC500248F72 /* SheetHeader.swift in Sources */ = {isa = PBXBuildFile; fileRef = CF18204328CCBCC500248F72 /* SheetHeader.swift */; };
		CF18205028CCBCE900248F72 /* OpenExternalLinkButton.swift in Sources */ = {isa = PBXBuildFile; fileRef = CF18204E28CCBCE900248F72 /* OpenExternalLinkButton.swift */; };
		CF18205728CCBD0400248F72 /* StopEstimations.swift in Sources */ = {isa = PBXBuildFile; fileRef = CF18205428CCBD0400248F72 /* StopEstimations.swift */; };
		CF18207028CCBD2300248F72 /* RouteDetailsView.swift in Sources */ = {isa = PBXBuildFile; fileRef = CF18206128CCBD2300248F72 /* RouteDetailsView.swift */; };
		CF18207228CCBD2300248F72 /* VariantPicker.swift in Sources */ = {isa = PBXBuildFile; fileRef = CF18206528CCBD2300248F72 /* VariantPicker.swift */; };
		CF18207328CCBD2300248F72 /* VariantButton.swift in Sources */ = {isa = PBXBuildFile; fileRef = CF18206628CCBD2300248F72 /* VariantButton.swift */; };
		CF18207428CCBD2300248F72 /* CircularVariantInfo.swift in Sources */ = {isa = PBXBuildFile; fileRef = CF18206728CCBD2300248F72 /* CircularVariantInfo.swift */; };
		CF18207528CCBD2300248F72 /* VariantWarning.swift in Sources */ = {isa = PBXBuildFile; fileRef = CF18206828CCBD2300248F72 /* VariantWarning.swift */; };
		CF18207628CCBD2300248F72 /* ConnectionsList.swift in Sources */ = {isa = PBXBuildFile; fileRef = CF18206928CCBD2300248F72 /* ConnectionsList.swift */; };
		CF18207728CCBD2300248F72 /* RouteDetailsAddToFavorites.swift in Sources */ = {isa = PBXBuildFile; fileRef = CF18206A28CCBD2300248F72 /* RouteDetailsAddToFavorites.swift */; };
		CF18207828CCBD2300248F72 /* RouteDetailsSheet.swift in Sources */ = {isa = PBXBuildFile; fileRef = CF18206B28CCBD2300248F72 /* RouteDetailsSheet.swift */; };
		CF18207928CCBD2300248F72 /* RouteDetailsVehiclesQuantity.swift in Sources */ = {isa = PBXBuildFile; fileRef = CF18206C28CCBD2300248F72 /* RouteDetailsVehiclesQuantity.swift */; };
		CF18208228CCBD3A00248F72 /* SelectRouteView.swift in Sources */ = {isa = PBXBuildFile; fileRef = CF18207B28CCBD3A00248F72 /* SelectRouteView.swift */; };
		CF18208328CCBD3A00248F72 /* SelectRouteSheet.swift in Sources */ = {isa = PBXBuildFile; fileRef = CF18207C28CCBD3A00248F72 /* SelectRouteSheet.swift */; };
		CF18208428CCBD3A00248F72 /* SetOfRoutes.swift in Sources */ = {isa = PBXBuildFile; fileRef = CF18207E28CCBD3A00248F72 /* SetOfRoutes.swift */; };
		CF18208528CCBD3A00248F72 /* FavoriteRoutes.swift in Sources */ = {isa = PBXBuildFile; fileRef = CF18207F28CCBD3A00248F72 /* FavoriteRoutes.swift */; };
		CF18208728CCBD3A00248F72 /* SelectRouteInput.swift in Sources */ = {isa = PBXBuildFile; fileRef = CF18208128CCBD3A00248F72 /* SelectRouteInput.swift */; };
		CF18209B28CCBD5000248F72 /* MapView.swift in Sources */ = {isa = PBXBuildFile; fileRef = CF18209A28CCBD5000248F72 /* MapView.swift */; };
		CF47994D28D3315E00B56D4B /* Appstate.swift in Sources */ = {isa = PBXBuildFile; fileRef = CF47994C28D3315E00B56D4B /* Appstate.swift */; };
		CF47994F28D33E1900B56D4B /* Disclaimer.swift in Sources */ = {isa = PBXBuildFile; fileRef = CF47994E28D33E1900B56D4B /* Disclaimer.swift */; };
		CF5094C528FC279A00EDD320 /* Array.swift in Sources */ = {isa = PBXBuildFile; fileRef = CF5094C428FC279A00EDD320 /* Array.swift */; };
		CF5094C728FC365700EDD320 /* CarrisAPISettings.swift in Sources */ = {isa = PBXBuildFile; fileRef = CF5094C628FC365700EDD320 /* CarrisAPISettings.swift */; };
		CF5094C928FC50AC00EDD320 /* CarrisNetworkController.swift in Sources */ = {isa = PBXBuildFile; fileRef = CF5094C828FC50AC00EDD320 /* CarrisNetworkController.swift */; };
		CF5094CB28FC50E900EDD320 /* CarrisNetworkModel.swift in Sources */ = {isa = PBXBuildFile; fileRef = CF5094CA28FC50E900EDD320 /* CarrisNetworkModel.swift */; };
		CF5094CD28FCB9E400EDD320 /* CarrisAPIModel.swift in Sources */ = {isa = PBXBuildFile; fileRef = CF5094CC28FCB9E400EDD320 /* CarrisAPIModel.swift */; };
		CF521A0528F34F5300AD0B76 /* StopDetailsView.swift in Sources */ = {isa = PBXBuildFile; fileRef = CF521A0428F34F5300AD0B76 /* StopDetailsView.swift */; };
		CF548FF328D129B000668CB6 /* VehicleDetailsView.swift in Sources */ = {isa = PBXBuildFile; fileRef = CF6478FC28D112E800C70691 /* VehicleDetailsView.swift */; };
		CF548FF628D14BA400668CB6 /* VehicleIdentifier.swift in Sources */ = {isa = PBXBuildFile; fileRef = CF548FF528D14BA400668CB6 /* VehicleIdentifier.swift */; };
		CF6C917E28D3ED0A006C3F61 /* SquareButton.swift in Sources */ = {isa = PBXBuildFile; fileRef = CF6C917D28D3ED0A006C3F61 /* SquareButton.swift */; };
		CF6C918228D3F1C6006C3F61 /* MapController.swift in Sources */ = {isa = PBXBuildFile; fileRef = CF6C918128D3F1C6006C3F61 /* MapController.swift */; };
		CF6C918428D3F2C9006C3F61 /* UserLocation.swift in Sources */ = {isa = PBXBuildFile; fileRef = CF6C918328D3F2C9006C3F61 /* UserLocation.swift */; };
		CF6C918628D3F8C8006C3F61 /* StopSearch.swift in Sources */ = {isa = PBXBuildFile; fileRef = CF6C918528D3F8C8006C3F61 /* StopSearch.swift */; };
		CF6C918828D3FAF9006C3F61 /* AboutGeoBus.swift in Sources */ = {isa = PBXBuildFile; fileRef = CF6C918728D3FAF8006C3F61 /* AboutGeoBus.swift */; };
		CF6C918C28D4B452006C3F61 /* SearchStopInput.swift in Sources */ = {isa = PBXBuildFile; fileRef = CF6C918B28D4B452006C3F61 /* SearchStopInput.swift */; };
		CF82BB0728D7F167007F0CDB /* LiveDataCard.swift in Sources */ = {isa = PBXBuildFile; fileRef = CF82BB0628D7F166007F0CDB /* LiveDataCard.swift */; };
		CF82BB0928D7F19A007F0CDB /* LocationCard.swift in Sources */ = {isa = PBXBuildFile; fileRef = CF82BB0828D7F19A007F0CDB /* LocationCard.swift */; };
		CF82BB0B28D7F1C6007F0CDB /* ShareCard.swift in Sources */ = {isa = PBXBuildFile; fileRef = CF82BB0A28D7F1C6007F0CDB /* ShareCard.swift */; };
		CF82BB0D28D7F202007F0CDB /* ContactsCard.swift in Sources */ = {isa = PBXBuildFile; fileRef = CF82BB0C28D7F202007F0CDB /* ContactsCard.swift */; };
		CFAF0E7A28CE84F400DDAD5B /* MapAnnotations.swift in Sources */ = {isa = PBXBuildFile; fileRef = CFAF0E7928CE84F400DDAD5B /* MapAnnotations.swift */; };
		CFB5D45728EEFE21002368BC /* InfoPlist.strings in Resources */ = {isa = PBXBuildFile; fileRef = CFB5D45528EEFE21002368BC /* InfoPlist.strings */; };
		CFB5D45A28EEFE6B002368BC /* Localizable.strings in Resources */ = {isa = PBXBuildFile; fileRef = CFB5D45828EEFE6B002368BC /* Localizable.strings */; };
		CFDC15EF28D292FB00A4BE49 /* ViewSize.swift in Sources */ = {isa = PBXBuildFile; fileRef = CFDC15EE28D292FB00A4BE49 /* ViewSize.swift */; };
		CFDD014928D5114D0070FE4B /* SyncStatus.swift in Sources */ = {isa = PBXBuildFile; fileRef = CFDD014828D5114D0070FE4B /* SyncStatus.swift */; };
		CFDD014B28D535370070FE4B /* Card.swift in Sources */ = {isa = PBXBuildFile; fileRef = CFDD014A28D535370070FE4B /* Card.swift */; };
		CFDD014D28D66D9B0070FE4B /* CloseButton.swift in Sources */ = {isa = PBXBuildFile; fileRef = CFDD014C28D66D9B0070FE4B /* CloseButton.swift */; };
		CFEF85C228D34E4F00A29526 /* crowdin.yml in Resources */ = {isa = PBXBuildFile; fileRef = CFEF85C128D34E4F00A29526 /* crowdin.yml */; };
		CFEF85C528D34E6300A29526 /* README.md in Resources */ = {isa = PBXBuildFile; fileRef = CFEF85C328D34E6300A29526 /* README.md */; };
		CFEF85C628D34E6300A29526 /* LICENSE in Resources */ = {isa = PBXBuildFile; fileRef = CFEF85C428D34E6300A29526 /* LICENSE */; };
		CFFF2D3D28D7C99C00E035E0 /* PostHog in Frameworks */ = {isa = PBXBuildFile; productRef = CFFF2D3C28D7C99C00E035E0 /* PostHog */; };
		CFFFAD7928F4AD0400DFD5FD /* TimeLeft.swift in Sources */ = {isa = PBXBuildFile; fileRef = CFFFAD7828F4AD0400DFD5FD /* TimeLeft.swift */; };
		CFFFAD7B28F4D8D000DFD5FD /* StopIcon.swift in Sources */ = {isa = PBXBuildFile; fileRef = CFFFAD7A28F4D8D000DFD5FD /* StopIcon.swift */; };
		CFFFAD8128F64E2000DFD5FD /* Analytics.swift in Sources */ = {isa = PBXBuildFile; fileRef = CFFFAD8028F64E2000DFD5FD /* Analytics.swift */; };
		CFFFAD8328F6754400DFD5FD /* Helpers.swift in Sources */ = {isa = PBXBuildFile; fileRef = CFFFAD8228F6754400DFD5FD /* Helpers.swift */; };
		CFFFAD8528F7A21100DFD5FD /* CarrisAuthentication.swift in Sources */ = {isa = PBXBuildFile; fileRef = CFFFAD8428F7A21100DFD5FD /* CarrisAuthentication.swift */; };
		CFFFAD8928F8ECDE00DFD5FD /* Spinner.swift in Sources */ = {isa = PBXBuildFile; fileRef = CFFFAD8828F8ECDE00DFD5FD /* Spinner.swift */; };
		CFFFAD8B28F8F33200DFD5FD /* Pulse.swift in Sources */ = {isa = PBXBuildFile; fileRef = CFFFAD8A28F8F33200DFD5FD /* Pulse.swift */; };
/* End PBXBuildFile section */

/* Begin PBXFileReference section */
		CF03D6AD28F3B00F0077299B /* VehicleDestination.swift */ = {isa = PBXFileReference; lastKnownFileType = sourcecode.swift; path = VehicleDestination.swift; sourceTree = "<group>"; };
		CF05F61928CD09A000B4AD58 /* NavBar.swift */ = {isa = PBXFileReference; lastKnownFileType = sourcecode.swift; path = NavBar.swift; sourceTree = "<group>"; };
		CF05F61F28CD337200B4AD58 /* AppVersion.swift */ = {isa = PBXFileReference; lastKnownFileType = sourcecode.swift; path = AppVersion.swift; sourceTree = "<group>"; };
		CF181FE228CCB7D600248F72 /* GeoBus.app */ = {isa = PBXFileReference; explicitFileType = wrapper.application; includeInIndex = 0; path = GeoBus.app; sourceTree = BUILT_PRODUCTS_DIR; };
		CF181FE528CCB7D600248F72 /* GeoBusApp.swift */ = {isa = PBXFileReference; lastKnownFileType = sourcecode.swift; path = GeoBusApp.swift; sourceTree = "<group>"; };
		CF181FE728CCB7D600248F72 /* ContentView.swift */ = {isa = PBXFileReference; lastKnownFileType = sourcecode.swift; path = ContentView.swift; sourceTree = "<group>"; };
		CF181FE928CCB7D700248F72 /* Assets.xcassets */ = {isa = PBXFileReference; lastKnownFileType = folder.assetcatalog; path = Assets.xcassets; sourceTree = "<group>"; };
		CF181FEC28CCB7D700248F72 /* Preview Assets.xcassets */ = {isa = PBXFileReference; lastKnownFileType = folder.assetcatalog; path = "Preview Assets.xcassets"; sourceTree = "<group>"; };
		CF18202828CCBBDC00248F72 /* TapticEngine.swift */ = {isa = PBXFileReference; lastKnownFileType = sourcecode.swift; path = TapticEngine.swift; sourceTree = "<group>"; };
		CF18204128CCBCC500248F72 /* RouteBadgePill.swift */ = {isa = PBXFileReference; fileEncoding = 4; lastKnownFileType = sourcecode.swift; path = RouteBadgePill.swift; sourceTree = "<group>"; };
		CF18204228CCBCC500248F72 /* RouteBadgeSquare.swift */ = {isa = PBXFileReference; fileEncoding = 4; lastKnownFileType = sourcecode.swift; path = RouteBadgeSquare.swift; sourceTree = "<group>"; };
		CF18204328CCBCC500248F72 /* SheetHeader.swift */ = {isa = PBXFileReference; fileEncoding = 4; lastKnownFileType = sourcecode.swift; path = SheetHeader.swift; sourceTree = "<group>"; };
		CF18204E28CCBCE900248F72 /* OpenExternalLinkButton.swift */ = {isa = PBXFileReference; fileEncoding = 4; lastKnownFileType = sourcecode.swift; path = OpenExternalLinkButton.swift; sourceTree = "<group>"; };
		CF18205428CCBD0400248F72 /* StopEstimations.swift */ = {isa = PBXFileReference; fileEncoding = 4; lastKnownFileType = sourcecode.swift; path = StopEstimations.swift; sourceTree = "<group>"; };
		CF18206128CCBD2300248F72 /* RouteDetailsView.swift */ = {isa = PBXFileReference; fileEncoding = 4; lastKnownFileType = sourcecode.swift; path = RouteDetailsView.swift; sourceTree = "<group>"; };
		CF18206528CCBD2300248F72 /* VariantPicker.swift */ = {isa = PBXFileReference; fileEncoding = 4; lastKnownFileType = sourcecode.swift; path = VariantPicker.swift; sourceTree = "<group>"; };
		CF18206628CCBD2300248F72 /* VariantButton.swift */ = {isa = PBXFileReference; fileEncoding = 4; lastKnownFileType = sourcecode.swift; path = VariantButton.swift; sourceTree = "<group>"; };
		CF18206728CCBD2300248F72 /* CircularVariantInfo.swift */ = {isa = PBXFileReference; fileEncoding = 4; lastKnownFileType = sourcecode.swift; path = CircularVariantInfo.swift; sourceTree = "<group>"; };
		CF18206828CCBD2300248F72 /* VariantWarning.swift */ = {isa = PBXFileReference; fileEncoding = 4; lastKnownFileType = sourcecode.swift; path = VariantWarning.swift; sourceTree = "<group>"; };
		CF18206928CCBD2300248F72 /* ConnectionsList.swift */ = {isa = PBXFileReference; fileEncoding = 4; lastKnownFileType = sourcecode.swift; path = ConnectionsList.swift; sourceTree = "<group>"; };
		CF18206A28CCBD2300248F72 /* RouteDetailsAddToFavorites.swift */ = {isa = PBXFileReference; fileEncoding = 4; lastKnownFileType = sourcecode.swift; path = RouteDetailsAddToFavorites.swift; sourceTree = "<group>"; };
		CF18206B28CCBD2300248F72 /* RouteDetailsSheet.swift */ = {isa = PBXFileReference; fileEncoding = 4; lastKnownFileType = sourcecode.swift; path = RouteDetailsSheet.swift; sourceTree = "<group>"; };
		CF18206C28CCBD2300248F72 /* RouteDetailsVehiclesQuantity.swift */ = {isa = PBXFileReference; fileEncoding = 4; lastKnownFileType = sourcecode.swift; path = RouteDetailsVehiclesQuantity.swift; sourceTree = "<group>"; };
		CF18207B28CCBD3A00248F72 /* SelectRouteView.swift */ = {isa = PBXFileReference; fileEncoding = 4; lastKnownFileType = sourcecode.swift; path = SelectRouteView.swift; sourceTree = "<group>"; };
		CF18207C28CCBD3A00248F72 /* SelectRouteSheet.swift */ = {isa = PBXFileReference; fileEncoding = 4; lastKnownFileType = sourcecode.swift; path = SelectRouteSheet.swift; sourceTree = "<group>"; };
		CF18207E28CCBD3A00248F72 /* SetOfRoutes.swift */ = {isa = PBXFileReference; fileEncoding = 4; lastKnownFileType = sourcecode.swift; path = SetOfRoutes.swift; sourceTree = "<group>"; };
		CF18207F28CCBD3A00248F72 /* FavoriteRoutes.swift */ = {isa = PBXFileReference; fileEncoding = 4; lastKnownFileType = sourcecode.swift; path = FavoriteRoutes.swift; sourceTree = "<group>"; };
		CF18208128CCBD3A00248F72 /* SelectRouteInput.swift */ = {isa = PBXFileReference; fileEncoding = 4; lastKnownFileType = sourcecode.swift; path = SelectRouteInput.swift; sourceTree = "<group>"; };
		CF18209A28CCBD5000248F72 /* MapView.swift */ = {isa = PBXFileReference; lastKnownFileType = sourcecode.swift; path = MapView.swift; sourceTree = "<group>"; };
		CF47994C28D3315E00B56D4B /* Appstate.swift */ = {isa = PBXFileReference; fileEncoding = 4; lastKnownFileType = sourcecode.swift; path = Appstate.swift; sourceTree = "<group>"; };
		CF47994E28D33E1900B56D4B /* Disclaimer.swift */ = {isa = PBXFileReference; lastKnownFileType = sourcecode.swift; path = Disclaimer.swift; sourceTree = "<group>"; };
		CF5094C428FC279A00EDD320 /* Array.swift */ = {isa = PBXFileReference; lastKnownFileType = sourcecode.swift; path = Array.swift; sourceTree = "<group>"; };
		CF5094C628FC365700EDD320 /* CarrisAPISettings.swift */ = {isa = PBXFileReference; lastKnownFileType = sourcecode.swift; path = CarrisAPISettings.swift; sourceTree = "<group>"; };
		CF5094C828FC50AC00EDD320 /* CarrisNetworkController.swift */ = {isa = PBXFileReference; lastKnownFileType = sourcecode.swift; path = CarrisNetworkController.swift; sourceTree = "<group>"; };
		CF5094CA28FC50E900EDD320 /* CarrisNetworkModel.swift */ = {isa = PBXFileReference; lastKnownFileType = sourcecode.swift; path = CarrisNetworkModel.swift; sourceTree = "<group>"; };
		CF5094CC28FCB9E400EDD320 /* CarrisAPIModel.swift */ = {isa = PBXFileReference; lastKnownFileType = sourcecode.swift; path = CarrisAPIModel.swift; sourceTree = "<group>"; };
		CF521A0428F34F5300AD0B76 /* StopDetailsView.swift */ = {isa = PBXFileReference; lastKnownFileType = sourcecode.swift; path = StopDetailsView.swift; sourceTree = "<group>"; };
		CF548FF528D14BA400668CB6 /* VehicleIdentifier.swift */ = {isa = PBXFileReference; lastKnownFileType = sourcecode.swift; path = VehicleIdentifier.swift; sourceTree = "<group>"; };
		CF6478FC28D112E800C70691 /* VehicleDetailsView.swift */ = {isa = PBXFileReference; lastKnownFileType = sourcecode.swift; path = VehicleDetailsView.swift; sourceTree = "<group>"; };
		CF6C917D28D3ED0A006C3F61 /* SquareButton.swift */ = {isa = PBXFileReference; lastKnownFileType = sourcecode.swift; path = SquareButton.swift; sourceTree = "<group>"; };
		CF6C918128D3F1C6006C3F61 /* MapController.swift */ = {isa = PBXFileReference; lastKnownFileType = sourcecode.swift; path = MapController.swift; sourceTree = "<group>"; };
		CF6C918328D3F2C9006C3F61 /* UserLocation.swift */ = {isa = PBXFileReference; lastKnownFileType = sourcecode.swift; path = UserLocation.swift; sourceTree = "<group>"; };
		CF6C918528D3F8C8006C3F61 /* StopSearch.swift */ = {isa = PBXFileReference; lastKnownFileType = sourcecode.swift; path = StopSearch.swift; sourceTree = "<group>"; };
		CF6C918728D3FAF8006C3F61 /* AboutGeoBus.swift */ = {isa = PBXFileReference; lastKnownFileType = sourcecode.swift; path = AboutGeoBus.swift; sourceTree = "<group>"; };
		CF6C918B28D4B452006C3F61 /* SearchStopInput.swift */ = {isa = PBXFileReference; lastKnownFileType = sourcecode.swift; path = SearchStopInput.swift; sourceTree = "<group>"; };
		CF82BB0528D7D3EB007F0CDB /* Info.plist */ = {isa = PBXFileReference; lastKnownFileType = text.plist.xml; path = Info.plist; sourceTree = "<group>"; };
		CF82BB0628D7F166007F0CDB /* LiveDataCard.swift */ = {isa = PBXFileReference; lastKnownFileType = sourcecode.swift; path = LiveDataCard.swift; sourceTree = "<group>"; };
		CF82BB0828D7F19A007F0CDB /* LocationCard.swift */ = {isa = PBXFileReference; lastKnownFileType = sourcecode.swift; path = LocationCard.swift; sourceTree = "<group>"; };
		CF82BB0A28D7F1C6007F0CDB /* ShareCard.swift */ = {isa = PBXFileReference; lastKnownFileType = sourcecode.swift; path = ShareCard.swift; sourceTree = "<group>"; };
		CF82BB0C28D7F202007F0CDB /* ContactsCard.swift */ = {isa = PBXFileReference; lastKnownFileType = sourcecode.swift; path = ContactsCard.swift; sourceTree = "<group>"; };
		CFAF0E7928CE84F400DDAD5B /* MapAnnotations.swift */ = {isa = PBXFileReference; lastKnownFileType = sourcecode.swift; path = MapAnnotations.swift; sourceTree = "<group>"; };
		CFAF0E7B28CEC78C00DDAD5B /* GeoBus.entitlements */ = {isa = PBXFileReference; lastKnownFileType = text.plist.entitlements; path = GeoBus.entitlements; sourceTree = "<group>"; };
		CFB5D45628EEFE21002368BC /* de */ = {isa = PBXFileReference; lastKnownFileType = text.plist.strings; name = de; path = de.lproj/InfoPlist.strings; sourceTree = "<group>"; };
		CFB5D45928EEFE6B002368BC /* de */ = {isa = PBXFileReference; lastKnownFileType = text.plist.strings; name = de; path = de.lproj/Localizable.strings; sourceTree = "<group>"; };
		CFB5D45B28EEFEA3002368BC /* pt */ = {isa = PBXFileReference; lastKnownFileType = text.plist.strings; name = pt; path = pt.lproj/Localizable.strings; sourceTree = "<group>"; };
		CFB5D45C28EEFEA6002368BC /* pt */ = {isa = PBXFileReference; lastKnownFileType = text.plist.strings; name = pt; path = pt.lproj/InfoPlist.strings; sourceTree = "<group>"; };
		CFB5D45F28EEFEF1002368BC /* zh-Hans */ = {isa = PBXFileReference; lastKnownFileType = text.plist.strings; name = "zh-Hans"; path = "zh-Hans.lproj/Localizable.strings"; sourceTree = "<group>"; };
		CFB5D46028EEFEF1002368BC /* zh-Hans */ = {isa = PBXFileReference; lastKnownFileType = text.plist.strings; name = "zh-Hans"; path = "zh-Hans.lproj/InfoPlist.strings"; sourceTree = "<group>"; };
		CFB5D46128EEFF2C002368BC /* tr */ = {isa = PBXFileReference; lastKnownFileType = text.plist.strings; name = tr; path = tr.lproj/Localizable.strings; sourceTree = "<group>"; };
		CFB5D46228EEFF2D002368BC /* tr */ = {isa = PBXFileReference; lastKnownFileType = text.plist.strings; name = tr; path = tr.lproj/InfoPlist.strings; sourceTree = "<group>"; };
		CFCED4F628EF5CB900963640 /* pl */ = {isa = PBXFileReference; lastKnownFileType = text.plist.strings; name = pl; path = pl.lproj/Localizable.strings; sourceTree = "<group>"; };
		CFCED4F728EF5CB900963640 /* pl */ = {isa = PBXFileReference; lastKnownFileType = text.plist.strings; name = pl; path = pl.lproj/InfoPlist.strings; sourceTree = "<group>"; };
		CFCED4F828EF5CD500963640 /* fa */ = {isa = PBXFileReference; lastKnownFileType = text.plist.strings; name = fa; path = fa.lproj/Localizable.strings; sourceTree = "<group>"; };
		CFCED4F928EF5CD500963640 /* fa */ = {isa = PBXFileReference; lastKnownFileType = text.plist.strings; name = fa; path = fa.lproj/InfoPlist.strings; sourceTree = "<group>"; };
		CFDC15EE28D292FB00A4BE49 /* ViewSize.swift */ = {isa = PBXFileReference; lastKnownFileType = sourcecode.swift; path = ViewSize.swift; sourceTree = "<group>"; };
		CFDD014828D5114D0070FE4B /* SyncStatus.swift */ = {isa = PBXFileReference; lastKnownFileType = sourcecode.swift; path = SyncStatus.swift; sourceTree = "<group>"; };
		CFDD014A28D535370070FE4B /* Card.swift */ = {isa = PBXFileReference; lastKnownFileType = sourcecode.swift; path = Card.swift; sourceTree = "<group>"; };
		CFDD014C28D66D9B0070FE4B /* CloseButton.swift */ = {isa = PBXFileReference; lastKnownFileType = sourcecode.swift; path = CloseButton.swift; sourceTree = "<group>"; };
		CFEF85C128D34E4F00A29526 /* crowdin.yml */ = {isa = PBXFileReference; fileEncoding = 4; lastKnownFileType = text.yaml; path = crowdin.yml; sourceTree = "<group>"; };
		CFEF85C328D34E6300A29526 /* README.md */ = {isa = PBXFileReference; fileEncoding = 4; lastKnownFileType = net.daringfireball.markdown; path = README.md; sourceTree = "<group>"; };
		CFEF85C428D34E6300A29526 /* LICENSE */ = {isa = PBXFileReference; fileEncoding = 4; lastKnownFileType = text; path = LICENSE; sourceTree = "<group>"; };
		CFFCEC5F28F9F34900F8E271 /* en */ = {isa = PBXFileReference; lastKnownFileType = text.plist.strings; name = en; path = en.lproj/Localizable.strings; sourceTree = "<group>"; };
		CFFCEC6028F9F34C00F8E271 /* en */ = {isa = PBXFileReference; lastKnownFileType = text.plist.strings; name = en; path = en.lproj/InfoPlist.strings; sourceTree = "<group>"; };
		CFFF2D3E28D7CEE300E035E0 /* Secrets.xcconfig */ = {isa = PBXFileReference; lastKnownFileType = text.xcconfig; path = Secrets.xcconfig; sourceTree = "<group>"; };
		CFFFAD7828F4AD0400DFD5FD /* TimeLeft.swift */ = {isa = PBXFileReference; lastKnownFileType = sourcecode.swift; path = TimeLeft.swift; sourceTree = "<group>"; };
		CFFFAD7A28F4D8D000DFD5FD /* StopIcon.swift */ = {isa = PBXFileReference; lastKnownFileType = sourcecode.swift; path = StopIcon.swift; sourceTree = "<group>"; };
		CFFFAD8028F64E2000DFD5FD /* Analytics.swift */ = {isa = PBXFileReference; lastKnownFileType = sourcecode.swift; path = Analytics.swift; sourceTree = "<group>"; };
		CFFFAD8228F6754400DFD5FD /* Helpers.swift */ = {isa = PBXFileReference; lastKnownFileType = sourcecode.swift; path = Helpers.swift; sourceTree = "<group>"; };
		CFFFAD8428F7A21100DFD5FD /* CarrisAuthentication.swift */ = {isa = PBXFileReference; lastKnownFileType = sourcecode.swift; path = CarrisAuthentication.swift; sourceTree = "<group>"; };
		CFFFAD8828F8ECDE00DFD5FD /* Spinner.swift */ = {isa = PBXFileReference; lastKnownFileType = sourcecode.swift; path = Spinner.swift; sourceTree = "<group>"; };
		CFFFAD8A28F8F33200DFD5FD /* Pulse.swift */ = {isa = PBXFileReference; lastKnownFileType = sourcecode.swift; path = Pulse.swift; sourceTree = "<group>"; };
/* End PBXFileReference section */

/* Begin PBXFrameworksBuildPhase section */
		CF181FDF28CCB7D600248F72 /* Frameworks */ = {
			isa = PBXFrameworksBuildPhase;
			buildActionMask = 2147483647;
			files = (
				CFFF2D3D28D7C99C00E035E0 /* PostHog in Frameworks */,
			);
			runOnlyForDeploymentPostprocessing = 0;
		};
/* End PBXFrameworksBuildPhase section */

/* Begin PBXGroup section */
		CF05F61628CD08D400B4AD58 /* Components */ = {
			isa = PBXGroup;
			children = (
				CF181FE728CCB7D600248F72 /* ContentView.swift */,
				CF05F61928CD09A000B4AD58 /* NavBar.swift */,
				CF18208828CCBD4600248F72 /* Map */,
				CF05F62528CD60BD00B4AD58 /* SelectRoute */,
				CF05F61828CD097700B4AD58 /* RouteDetails */,
				CF18205228CCBCF400248F72 /* StopDetails */,
				CF6478FB28D112CD00C70691 /* VehicleDetails */,
				CFF4875F28D3D35F00E2C13D /* About */,
			);
			path = Components;
			sourceTree = "<group>";
		};
		CF05F61828CD097700B4AD58 /* RouteDetails */ = {
			isa = PBXGroup;
			children = (
				CF18206128CCBD2300248F72 /* RouteDetailsView.swift */,
				CF18206B28CCBD2300248F72 /* RouteDetailsSheet.swift */,
				CF18206C28CCBD2300248F72 /* RouteDetailsVehiclesQuantity.swift */,
				CF18206A28CCBD2300248F72 /* RouteDetailsAddToFavorites.swift */,
				CF18206528CCBD2300248F72 /* VariantPicker.swift */,
				CF18206828CCBD2300248F72 /* VariantWarning.swift */,
				CF18206628CCBD2300248F72 /* VariantButton.swift */,
				CF18206728CCBD2300248F72 /* CircularVariantInfo.swift */,
				CF18206928CCBD2300248F72 /* ConnectionsList.swift */,
			);
			path = RouteDetails;
			sourceTree = "<group>";
		};
		CF05F61C28CD1F2800B4AD58 /* Layout */ = {
			isa = PBXGroup;
			children = (
				CF18204328CCBCC500248F72 /* SheetHeader.swift */,
				CF6C917D28D3ED0A006C3F61 /* SquareButton.swift */,
				CF18204128CCBCC500248F72 /* RouteBadgePill.swift */,
				CF18204228CCBCC500248F72 /* RouteBadgeSquare.swift */,
				CFFFAD7828F4AD0400DFD5FD /* TimeLeft.swift */,
				CFFFAD7A28F4D8D000DFD5FD /* StopIcon.swift */,
				CF548FF528D14BA400668CB6 /* VehicleIdentifier.swift */,
				CF03D6AD28F3B00F0077299B /* VehicleDestination.swift */,
				CFDD014A28D535370070FE4B /* Card.swift */,
				CF18204E28CCBCE900248F72 /* OpenExternalLinkButton.swift */,
				CF18201528CCBB4900248F72 /* Animations */,
			);
			path = Layout;
			sourceTree = "<group>";
		};
		CF05F62128CD5DC700B4AD58 /* Controllers */ = {
			isa = PBXGroup;
			children = (
				CF47994C28D3315E00B56D4B /* Appstate.swift */,
				CFFFAD8028F64E2000DFD5FD /* Analytics.swift */,
				CF6C918128D3F1C6006C3F61 /* MapController.swift */,
				CF5094C028FB992D00EDD320 /* Networks */,
			);
			path = Controllers;
			sourceTree = "<group>";
		};
		CF05F62528CD60BD00B4AD58 /* SelectRoute */ = {
			isa = PBXGroup;
			children = (
				CF18207B28CCBD3A00248F72 /* SelectRouteView.swift */,
				CF18207C28CCBD3A00248F72 /* SelectRouteSheet.swift */,
				CF18208128CCBD3A00248F72 /* SelectRouteInput.swift */,
				CF18207E28CCBD3A00248F72 /* SetOfRoutes.swift */,
				CF18207F28CCBD3A00248F72 /* FavoriteRoutes.swift */,
			);
			path = SelectRoute;
			sourceTree = "<group>";
		};
		CF181FD928CCB7D600248F72 = {
			isa = PBXGroup;
			children = (
				CF181FE428CCB7D600248F72 /* GeoBus */,
				CFFF2D3E28D7CEE300E035E0 /* Secrets.xcconfig */,
				CFEF85C428D34E6300A29526 /* LICENSE */,
				CFEF85C328D34E6300A29526 /* README.md */,
				CFEF85C128D34E4F00A29526 /* crowdin.yml */,
				CF181FE328CCB7D600248F72 /* Products */,
			);
			sourceTree = "<group>";
		};
		CF181FE328CCB7D600248F72 /* Products */ = {
			isa = PBXGroup;
			children = (
				CF181FE228CCB7D600248F72 /* GeoBus.app */,
			);
			name = Products;
			sourceTree = "<group>";
		};
		CF181FE428CCB7D600248F72 /* GeoBus */ = {
			isa = PBXGroup;
			children = (
				CFAF0E7B28CEC78C00DDAD5B /* GeoBus.entitlements */,
				CF82BB0528D7D3EB007F0CDB /* Info.plist */,
				CF181FF328CCB87400248F72 /* App */,
				CFB5D45828EEFE6B002368BC /* Localizable.strings */,
				CFB5D45528EEFE21002368BC /* InfoPlist.strings */,
				CF181FE928CCB7D700248F72 /* Assets.xcassets */,
				CF181FEB28CCB7D700248F72 /* Preview Content */,
			);
			path = GeoBus;
			sourceTree = "<group>";
		};
		CF181FEB28CCB7D700248F72 /* Preview Content */ = {
			isa = PBXGroup;
			children = (
				CF181FEC28CCB7D700248F72 /* Preview Assets.xcassets */,
			);
			path = "Preview Content";
			sourceTree = "<group>";
		};
		CF181FF328CCB87400248F72 /* App */ = {
			isa = PBXGroup;
			children = (
				CF181FE528CCB7D600248F72 /* GeoBusApp.swift */,
				CF05F62128CD5DC700B4AD58 /* Controllers */,
				CF05F61628CD08D400B4AD58 /* Components */,
				CF05F61C28CD1F2800B4AD58 /* Layout */,
				CF18200C28CCBA7300248F72 /* Extensions */,
			);
			path = App;
			sourceTree = "<group>";
		};
		CF18200C28CCBA7300248F72 /* Extensions */ = {
			isa = PBXGroup;
			children = (
				CF18202828CCBBDC00248F72 /* TapticEngine.swift */,
				CFFFAD8228F6754400DFD5FD /* Helpers.swift */,
				CFDC15EE28D292FB00A4BE49 /* ViewSize.swift */,
				CF5094C428FC279A00EDD320 /* Array.swift */,
			);
			path = Extensions;
			sourceTree = "<group>";
		};
		CF18201528CCBB4900248F72 /* Animations */ = {
			isa = PBXGroup;
			children = (
				CFFFAD8A28F8F33200DFD5FD /* Pulse.swift */,
				CFFFAD8828F8ECDE00DFD5FD /* Spinner.swift */,
			);
			path = Animations;
			sourceTree = "<group>";
		};
		CF18205228CCBCF400248F72 /* StopDetails */ = {
			isa = PBXGroup;
			children = (
				CF6C918528D3F8C8006C3F61 /* StopSearch.swift */,
				CF6C918B28D4B452006C3F61 /* SearchStopInput.swift */,
				CF521A0428F34F5300AD0B76 /* StopDetailsView.swift */,
				CF18205428CCBD0400248F72 /* StopEstimations.swift */,
			);
			path = StopDetails;
			sourceTree = "<group>";
		};
		CF18208828CCBD4600248F72 /* Map */ = {
			isa = PBXGroup;
			children = (
				CF18209A28CCBD5000248F72 /* MapView.swift */,
				CF6C918328D3F2C9006C3F61 /* UserLocation.swift */,
				CFAF0E7928CE84F400DDAD5B /* MapAnnotations.swift */,
			);
			path = Map;
			sourceTree = "<group>";
		};
		CF5094C028FB992D00EDD320 /* Networks */ = {
			isa = PBXGroup;
			children = (
				CF5094C128FB993400EDD320 /* Carris */,
				CF5094CE28FCBB5700EDD320 /* TCB */,
			);
			path = Networks;
			sourceTree = "<group>";
		};
		CF5094C128FB993400EDD320 /* Carris */ = {
			isa = PBXGroup;
			children = (
				CF5094C628FC365700EDD320 /* CarrisAPISettings.swift */,
				CFFFAD8428F7A21100DFD5FD /* CarrisAuthentication.swift */,
				CF5094CC28FCB9E400EDD320 /* CarrisAPIModel.swift */,
				CF5094CA28FC50E900EDD320 /* CarrisNetworkModel.swift */,
				CF5094C828FC50AC00EDD320 /* CarrisNetworkController.swift */,
			);
			path = Carris;
			sourceTree = "<group>";
		};
		CF5094CE28FCBB5700EDD320 /* TCB */ = {
			isa = PBXGroup;
			children = (
			);
			path = TCB;
			sourceTree = "<group>";
		};
		CF6478FB28D112CD00C70691 /* VehicleDetails */ = {
			isa = PBXGroup;
			children = (
				CF6478FC28D112E800C70691 /* VehicleDetailsView.swift */,
			);
			path = VehicleDetails;
			sourceTree = "<group>";
		};
		CFF4875F28D3D35F00E2C13D /* About */ = {
			isa = PBXGroup;
			children = (
				CF6C918728D3FAF8006C3F61 /* AboutGeoBus.swift */,
				CFDD014828D5114D0070FE4B /* SyncStatus.swift */,
				CF82BB0628D7F166007F0CDB /* LiveDataCard.swift */,
				CF82BB0828D7F19A007F0CDB /* LocationCard.swift */,
				CF82BB0A28D7F1C6007F0CDB /* ShareCard.swift */,
				CF82BB0C28D7F202007F0CDB /* ContactsCard.swift */,
				CFDD014C28D66D9B0070FE4B /* CloseButton.swift */,
				CF05F61F28CD337200B4AD58 /* AppVersion.swift */,
				CF47994E28D33E1900B56D4B /* Disclaimer.swift */,
			);
			path = About;
			sourceTree = "<group>";
		};
/* End PBXGroup section */

/* Begin PBXNativeTarget section */
		CF181FE128CCB7D600248F72 /* GeoBus */ = {
			isa = PBXNativeTarget;
			buildConfigurationList = CF181FF028CCB7D700248F72 /* Build configuration list for PBXNativeTarget "GeoBus" */;
			buildPhases = (
				CF181FDE28CCB7D600248F72 /* Sources */,
				CF181FDF28CCB7D600248F72 /* Frameworks */,
				CF181FE028CCB7D600248F72 /* Resources */,
				CFEA992628ED33AA00506B2F /* Set App Version and Build Number */,
			);
			buildRules = (
			);
			dependencies = (
			);
			name = GeoBus;
			packageProductDependencies = (
				CFFF2D3C28D7C99C00E035E0 /* PostHog */,
			);
			productName = GeoBus;
			productReference = CF181FE228CCB7D600248F72 /* GeoBus.app */;
			productType = "com.apple.product-type.application";
		};
/* End PBXNativeTarget section */

/* Begin PBXProject section */
		CF181FDA28CCB7D600248F72 /* Project object */ = {
			isa = PBXProject;
			attributes = {
				BuildIndependentTargetsInParallel = 1;
				LastSwiftUpdateCheck = 1340;
				LastUpgradeCheck = 1340;
				TargetAttributes = {
					CF181FE128CCB7D600248F72 = {
						CreatedOnToolsVersion = 13.4.1;
					};
				};
			};
			buildConfigurationList = CF181FDD28CCB7D600248F72 /* Build configuration list for PBXProject "GeoBus" */;
			compatibilityVersion = "Xcode 14.0";
			developmentRegion = en;
			hasScannedForEncodings = 0;
			knownRegions = (
				en,
				de,
				pt,
				"zh-Hans",
				tr,
				pl,
				fa,
			);
			mainGroup = CF181FD928CCB7D600248F72;
			packageReferences = (
				CFFF2D3B28D7C99C00E035E0 /* XCRemoteSwiftPackageReference "posthog-ios" */,
			);
			productRefGroup = CF181FE328CCB7D600248F72 /* Products */;
			projectDirPath = "";
			projectRoot = "";
			targets = (
				CF181FE128CCB7D600248F72 /* GeoBus */,
			);
		};
/* End PBXProject section */

/* Begin PBXResourcesBuildPhase section */
		CF181FE028CCB7D600248F72 /* Resources */ = {
			isa = PBXResourcesBuildPhase;
			buildActionMask = 2147483647;
			files = (
				CFEF85C528D34E6300A29526 /* README.md in Resources */,
				CFB5D45A28EEFE6B002368BC /* Localizable.strings in Resources */,
				CFEF85C228D34E4F00A29526 /* crowdin.yml in Resources */,
				CF181FED28CCB7D700248F72 /* Preview Assets.xcassets in Resources */,
				CFEF85C628D34E6300A29526 /* LICENSE in Resources */,
				CF181FEA28CCB7D700248F72 /* Assets.xcassets in Resources */,
				CFB5D45728EEFE21002368BC /* InfoPlist.strings in Resources */,
			);
			runOnlyForDeploymentPostprocessing = 0;
		};
/* End PBXResourcesBuildPhase section */

/* Begin PBXShellScriptBuildPhase section */
		CFEA992628ED33AA00506B2F /* Set App Version and Build Number */ = {
			isa = PBXShellScriptBuildPhase;
			alwaysOutOfDate = 1;
			buildActionMask = 2147483647;
			files = (
			);
			inputFileListPaths = (
			);
			inputPaths = (
			);
			name = "Set App Version and Build Number";
			outputFileListPaths = (
			);
			outputPaths = (
			);
			runOnlyForDeploymentPostprocessing = 0;
			shellPath = /bin/sh;
			shellScript = "# AS SEEN ON: https://medium.com/@SteveBarnegren/better-xcode-build-numbers-e999aac6254d\n\n# Set App Version to current date\nversionNumber=$(date \"+%Y.%m.%d\")\n/usr/libexec/PlistBuddy -c \"Set :CFBundleShortVersionString $versionNumber\" \"${TARGET_BUILD_DIR}/${INFOPLIST_PATH}\"\n\n# Set Build Number to current time\nbuildNumber=$(date \"+%H.%M\")\n/usr/libexec/PlistBuddy -c \"Set :CFBundleVersion $buildNumber\" \"${TARGET_BUILD_DIR}/${INFOPLIST_PATH}\"\n";
		};
/* End PBXShellScriptBuildPhase section */

/* Begin PBXSourcesBuildPhase section */
		CF181FDE28CCB7D600248F72 /* Sources */ = {
			isa = PBXSourcesBuildPhase;
			buildActionMask = 2147483647;
			files = (
				CF18208428CCBD3A00248F72 /* SetOfRoutes.swift in Sources */,
				CF521A0528F34F5300AD0B76 /* StopDetailsView.swift in Sources */,
				CF82BB0728D7F167007F0CDB /* LiveDataCard.swift in Sources */,
				CFFFAD7928F4AD0400DFD5FD /* TimeLeft.swift in Sources */,
				CF82BB0D28D7F202007F0CDB /* ContactsCard.swift in Sources */,
				CFFFAD8328F6754400DFD5FD /* Helpers.swift in Sources */,
				CF18207028CCBD2300248F72 /* RouteDetailsView.swift in Sources */,
				CF03D6AE28F3B00F0077299B /* VehicleDestination.swift in Sources */,
				CF18207328CCBD2300248F72 /* VariantButton.swift in Sources */,
				CF18209B28CCBD5000248F72 /* MapView.swift in Sources */,
				CF18207428CCBD2300248F72 /* CircularVariantInfo.swift in Sources */,
				CF18208228CCBD3A00248F72 /* SelectRouteView.swift in Sources */,
				CF18208328CCBD3A00248F72 /* SelectRouteSheet.swift in Sources */,
				CF5094C528FC279A00EDD320 /* Array.swift in Sources */,
				CF18207828CCBD2300248F72 /* RouteDetailsSheet.swift in Sources */,
				CF18207728CCBD2300248F72 /* RouteDetailsAddToFavorites.swift in Sources */,
				CF6C918428D3F2C9006C3F61 /* UserLocation.swift in Sources */,
				CFFFAD8928F8ECDE00DFD5FD /* Spinner.swift in Sources */,
				CF18207528CCBD2300248F72 /* VariantWarning.swift in Sources */,
				CF6C918C28D4B452006C3F61 /* SearchStopInput.swift in Sources */,
				CF18207628CCBD2300248F72 /* ConnectionsList.swift in Sources */,
				CF181FE828CCB7D600248F72 /* ContentView.swift in Sources */,
				CF05F62028CD337200B4AD58 /* AppVersion.swift in Sources */,
				CF6C918628D3F8C8006C3F61 /* StopSearch.swift in Sources */,
				CF18207228CCBD2300248F72 /* VariantPicker.swift in Sources */,
				CFAF0E7A28CE84F400DDAD5B /* MapAnnotations.swift in Sources */,
				CF548FF328D129B000668CB6 /* VehicleDetailsView.swift in Sources */,
				CFFFAD7B28F4D8D000DFD5FD /* StopIcon.swift in Sources */,
				CF82BB0928D7F19A007F0CDB /* LocationCard.swift in Sources */,
				CF18207928CCBD2300248F72 /* RouteDetailsVehiclesQuantity.swift in Sources */,
				CF181FE628CCB7D600248F72 /* GeoBusApp.swift in Sources */,
				CF18205028CCBCE900248F72 /* OpenExternalLinkButton.swift in Sources */,
				CF18204928CCBCC500248F72 /* SheetHeader.swift in Sources */,
				CF18205728CCBD0400248F72 /* StopEstimations.swift in Sources */,
				CF5094CD28FCB9E400EDD320 /* CarrisAPIModel.swift in Sources */,
				CF5094C928FC50AC00EDD320 /* CarrisNetworkController.swift in Sources */,
				CFFFAD8528F7A21100DFD5FD /* CarrisAuthentication.swift in Sources */,
				CF05F61A28CD09A000B4AD58 /* NavBar.swift in Sources */,
				CFDD014B28D535370070FE4B /* Card.swift in Sources */,
				CF18202928CCBBDC00248F72 /* TapticEngine.swift in Sources */,
				CF548FF628D14BA400668CB6 /* VehicleIdentifier.swift in Sources */,
				CF5094CB28FC50E900EDD320 /* CarrisNetworkModel.swift in Sources */,
				CF18208728CCBD3A00248F72 /* SelectRouteInput.swift in Sources */,
				CF18204728CCBCC500248F72 /* RouteBadgePill.swift in Sources */,
				CF18204828CCBCC500248F72 /* RouteBadgeSquare.swift in Sources */,
				CFDD014928D5114D0070FE4B /* SyncStatus.swift in Sources */,
				CF18208528CCBD3A00248F72 /* FavoriteRoutes.swift in Sources */,
				CFFFAD8B28F8F33200DFD5FD /* Pulse.swift in Sources */,
				CF5094C728FC365700EDD320 /* CarrisAPISettings.swift in Sources */,
				CF6C918828D3FAF9006C3F61 /* AboutGeoBus.swift in Sources */,
				CF6C917E28D3ED0A006C3F61 /* SquareButton.swift in Sources */,
				CF82BB0B28D7F1C6007F0CDB /* ShareCard.swift in Sources */,
				CF47994F28D33E1900B56D4B /* Disclaimer.swift in Sources */,
				CF47994D28D3315E00B56D4B /* Appstate.swift in Sources */,
				CFDD014D28D66D9B0070FE4B /* CloseButton.swift in Sources */,
				CFDC15EF28D292FB00A4BE49 /* ViewSize.swift in Sources */,
				CF6C918228D3F1C6006C3F61 /* MapController.swift in Sources */,
				CFFFAD8128F64E2000DFD5FD /* Analytics.swift in Sources */,
			);
			runOnlyForDeploymentPostprocessing = 0;
		};
/* End PBXSourcesBuildPhase section */

/* Begin PBXVariantGroup section */
		CFB5D45528EEFE21002368BC /* InfoPlist.strings */ = {
			isa = PBXVariantGroup;
			children = (
				CFB5D45628EEFE21002368BC /* de */,
				CFB5D45C28EEFEA6002368BC /* pt */,
				CFB5D46028EEFEF1002368BC /* zh-Hans */,
				CFB5D46228EEFF2D002368BC /* tr */,
				CFCED4F728EF5CB900963640 /* pl */,
				CFCED4F928EF5CD500963640 /* fa */,
				CFFCEC6028F9F34C00F8E271 /* en */,
			);
			name = InfoPlist.strings;
			sourceTree = "<group>";
		};
		CFB5D45828EEFE6B002368BC /* Localizable.strings */ = {
			isa = PBXVariantGroup;
			children = (
				CFB5D45928EEFE6B002368BC /* de */,
				CFB5D45B28EEFEA3002368BC /* pt */,
				CFB5D45F28EEFEF1002368BC /* zh-Hans */,
				CFB5D46128EEFF2C002368BC /* tr */,
				CFCED4F628EF5CB900963640 /* pl */,
				CFCED4F828EF5CD500963640 /* fa */,
				CFFCEC5F28F9F34900F8E271 /* en */,
			);
			name = Localizable.strings;
			sourceTree = "<group>";
		};
/* End PBXVariantGroup section */

/* Begin XCBuildConfiguration section */
		CF181FEE28CCB7D700248F72 /* Debug */ = {
			isa = XCBuildConfiguration;
			baseConfigurationReference = CFFF2D3E28D7CEE300E035E0 /* Secrets.xcconfig */;
			buildSettings = {
				ALWAYS_SEARCH_USER_PATHS = NO;
				CLANG_ANALYZER_LOCALIZABILITY_NONLOCALIZED = YES;
				CLANG_ANALYZER_NONNULL = YES;
				CLANG_ANALYZER_NUMBER_OBJECT_CONVERSION = YES_AGGRESSIVE;
				CLANG_CXX_LANGUAGE_STANDARD = "gnu++17";
				CLANG_ENABLE_MODULES = YES;
				CLANG_ENABLE_OBJC_ARC = YES;
				CLANG_ENABLE_OBJC_WEAK = YES;
				CLANG_WARN_BLOCK_CAPTURE_AUTORELEASING = YES;
				CLANG_WARN_BOOL_CONVERSION = YES;
				CLANG_WARN_COMMA = YES;
				CLANG_WARN_CONSTANT_CONVERSION = YES;
				CLANG_WARN_DEPRECATED_OBJC_IMPLEMENTATIONS = YES;
				CLANG_WARN_DIRECT_OBJC_ISA_USAGE = YES_ERROR;
				CLANG_WARN_DOCUMENTATION_COMMENTS = YES;
				CLANG_WARN_EMPTY_BODY = YES;
				CLANG_WARN_ENUM_CONVERSION = YES;
				CLANG_WARN_INFINITE_RECURSION = YES;
				CLANG_WARN_INT_CONVERSION = YES;
				CLANG_WARN_NON_LITERAL_NULL_CONVERSION = YES;
				CLANG_WARN_OBJC_IMPLICIT_RETAIN_SELF = YES;
				CLANG_WARN_OBJC_LITERAL_CONVERSION = YES;
				CLANG_WARN_OBJC_ROOT_CLASS = YES_ERROR;
				CLANG_WARN_QUOTED_INCLUDE_IN_FRAMEWORK_HEADER = YES;
				CLANG_WARN_RANGE_LOOP_ANALYSIS = YES;
				CLANG_WARN_STRICT_PROTOTYPES = YES;
				CLANG_WARN_SUSPICIOUS_MOVE = YES;
				CLANG_WARN_UNGUARDED_AVAILABILITY = YES_AGGRESSIVE;
				CLANG_WARN_UNREACHABLE_CODE = YES;
				CLANG_WARN__DUPLICATE_METHOD_MATCH = YES;
				COPY_PHASE_STRIP = NO;
				DEBUG_INFORMATION_FORMAT = dwarf;
				ENABLE_STRICT_OBJC_MSGSEND = YES;
				ENABLE_TESTABILITY = YES;
				GCC_C_LANGUAGE_STANDARD = gnu11;
				GCC_DYNAMIC_NO_PIC = NO;
				GCC_NO_COMMON_BLOCKS = YES;
				GCC_OPTIMIZATION_LEVEL = 0;
				GCC_PREPROCESSOR_DEFINITIONS = (
					"DEBUG=1",
					"$(inherited)",
				);
				GCC_WARN_64_TO_32_BIT_CONVERSION = YES;
				GCC_WARN_ABOUT_RETURN_TYPE = YES_ERROR;
				GCC_WARN_UNDECLARED_SELECTOR = YES;
				GCC_WARN_UNINITIALIZED_AUTOS = YES_AGGRESSIVE;
				GCC_WARN_UNUSED_FUNCTION = YES;
				GCC_WARN_UNUSED_VARIABLE = YES;
				IPHONEOS_DEPLOYMENT_TARGET = 16.0;
				MTL_ENABLE_DEBUG_INFO = INCLUDE_SOURCE;
				MTL_FAST_MATH = YES;
				ONLY_ACTIVE_ARCH = YES;
				SDKROOT = iphoneos;
				SWIFT_ACTIVE_COMPILATION_CONDITIONS = DEBUG;
				SWIFT_EMIT_LOC_STRINGS = YES;
				SWIFT_OPTIMIZATION_LEVEL = "-Onone";
			};
			name = Debug;
		};
		CF181FEF28CCB7D700248F72 /* Release */ = {
			isa = XCBuildConfiguration;
			baseConfigurationReference = CFFF2D3E28D7CEE300E035E0 /* Secrets.xcconfig */;
			buildSettings = {
				ALWAYS_SEARCH_USER_PATHS = NO;
				CLANG_ANALYZER_LOCALIZABILITY_NONLOCALIZED = YES;
				CLANG_ANALYZER_NONNULL = YES;
				CLANG_ANALYZER_NUMBER_OBJECT_CONVERSION = YES_AGGRESSIVE;
				CLANG_CXX_LANGUAGE_STANDARD = "gnu++17";
				CLANG_ENABLE_MODULES = YES;
				CLANG_ENABLE_OBJC_ARC = YES;
				CLANG_ENABLE_OBJC_WEAK = YES;
				CLANG_WARN_BLOCK_CAPTURE_AUTORELEASING = YES;
				CLANG_WARN_BOOL_CONVERSION = YES;
				CLANG_WARN_COMMA = YES;
				CLANG_WARN_CONSTANT_CONVERSION = YES;
				CLANG_WARN_DEPRECATED_OBJC_IMPLEMENTATIONS = YES;
				CLANG_WARN_DIRECT_OBJC_ISA_USAGE = YES_ERROR;
				CLANG_WARN_DOCUMENTATION_COMMENTS = YES;
				CLANG_WARN_EMPTY_BODY = YES;
				CLANG_WARN_ENUM_CONVERSION = YES;
				CLANG_WARN_INFINITE_RECURSION = YES;
				CLANG_WARN_INT_CONVERSION = YES;
				CLANG_WARN_NON_LITERAL_NULL_CONVERSION = YES;
				CLANG_WARN_OBJC_IMPLICIT_RETAIN_SELF = YES;
				CLANG_WARN_OBJC_LITERAL_CONVERSION = YES;
				CLANG_WARN_OBJC_ROOT_CLASS = YES_ERROR;
				CLANG_WARN_QUOTED_INCLUDE_IN_FRAMEWORK_HEADER = YES;
				CLANG_WARN_RANGE_LOOP_ANALYSIS = YES;
				CLANG_WARN_STRICT_PROTOTYPES = YES;
				CLANG_WARN_SUSPICIOUS_MOVE = YES;
				CLANG_WARN_UNGUARDED_AVAILABILITY = YES_AGGRESSIVE;
				CLANG_WARN_UNREACHABLE_CODE = YES;
				CLANG_WARN__DUPLICATE_METHOD_MATCH = YES;
				COPY_PHASE_STRIP = NO;
				DEBUG_INFORMATION_FORMAT = "dwarf-with-dsym";
				ENABLE_NS_ASSERTIONS = NO;
				ENABLE_STRICT_OBJC_MSGSEND = YES;
				GCC_C_LANGUAGE_STANDARD = gnu11;
				GCC_NO_COMMON_BLOCKS = YES;
				GCC_WARN_64_TO_32_BIT_CONVERSION = YES;
				GCC_WARN_ABOUT_RETURN_TYPE = YES_ERROR;
				GCC_WARN_UNDECLARED_SELECTOR = YES;
				GCC_WARN_UNINITIALIZED_AUTOS = YES_AGGRESSIVE;
				GCC_WARN_UNUSED_FUNCTION = YES;
				GCC_WARN_UNUSED_VARIABLE = YES;
				IPHONEOS_DEPLOYMENT_TARGET = 16.0;
				MTL_ENABLE_DEBUG_INFO = NO;
				MTL_FAST_MATH = YES;
				SDKROOT = iphoneos;
				SWIFT_COMPILATION_MODE = wholemodule;
				SWIFT_EMIT_LOC_STRINGS = YES;
				SWIFT_OPTIMIZATION_LEVEL = "-O";
				VALIDATE_PRODUCT = YES;
			};
			name = Release;
		};
		CF181FF128CCB7D700248F72 /* Debug */ = {
			isa = XCBuildConfiguration;
			buildSettings = {
				ASSETCATALOG_COMPILER_APPICON_NAME = AppIcon;
				ASSETCATALOG_COMPILER_GLOBAL_ACCENT_COLOR_NAME = AccentColor;
				CODE_SIGN_ENTITLEMENTS = GeoBus/GeoBus.entitlements;
				CODE_SIGN_IDENTITY = "Apple Development";
				CODE_SIGN_STYLE = Automatic;
				CURRENT_PROJECT_VERSION = 1;
				DEVELOPMENT_ASSET_PATHS = "\"GeoBus/Preview Content\"";
				DEVELOPMENT_TEAM = D7S2TY22W7;
				ENABLE_PREVIEWS = YES;
				GENERATE_INFOPLIST_FILE = YES;
				INFOPLIST_FILE = GeoBus/Info.plist;
				INFOPLIST_KEY_CFBundleDisplayName = GeoBus;
				INFOPLIST_KEY_LSApplicationCategoryType = "public.app-category.navigation";
				INFOPLIST_KEY_NSLocationUsageDescription = "Your location will only be used to show you where you are on the map.";
				INFOPLIST_KEY_NSLocationWhenInUseUsageDescription = "Your location will only be used to show you where you are on the map.";
				INFOPLIST_KEY_UIApplicationSceneManifest_Generation = YES;
				INFOPLIST_KEY_UIApplicationSupportsIndirectInputEvents = YES;
				INFOPLIST_KEY_UILaunchScreen_Generation = YES;
				INFOPLIST_KEY_UISupportedInterfaceOrientations = "UIInterfaceOrientationPortrait UIInterfaceOrientationPortraitUpsideDown";
				IPHONEOS_DEPLOYMENT_TARGET = 16.0;
				LD_RUNPATH_SEARCH_PATHS = (
					"$(inherited)",
					"@executable_path/Frameworks",
				);
				MARKETING_VERSION = 1;
				PRODUCT_BUNDLE_IDENTIFIER = earth.joao.geobus;
				PRODUCT_NAME = "$(TARGET_NAME)";
				PROVISIONING_PROFILE_SPECIFIER = "";
				SUPPORTED_PLATFORMS = "iphoneos iphonesimulator";
				SUPPORTS_MACCATALYST = NO;
				SUPPORTS_MAC_DESIGNED_FOR_IPHONE_IPAD = NO;
				SWIFT_EMIT_LOC_STRINGS = YES;
				SWIFT_VERSION = 5.0;
				TARGETED_DEVICE_FAMILY = 1;
			};
			name = Debug;
		};
		CF181FF228CCB7D700248F72 /* Release */ = {
			isa = XCBuildConfiguration;
			buildSettings = {
				ASSETCATALOG_COMPILER_APPICON_NAME = AppIcon;
				ASSETCATALOG_COMPILER_GLOBAL_ACCENT_COLOR_NAME = AccentColor;
				CODE_SIGN_ENTITLEMENTS = GeoBus/GeoBus.entitlements;
				CODE_SIGN_IDENTITY = "Apple Development";
				CODE_SIGN_STYLE = Automatic;
				CURRENT_PROJECT_VERSION = 1;
				DEVELOPMENT_ASSET_PATHS = "\"GeoBus/Preview Content\"";
				DEVELOPMENT_TEAM = D7S2TY22W7;
				ENABLE_PREVIEWS = YES;
				GENERATE_INFOPLIST_FILE = YES;
				INFOPLIST_FILE = GeoBus/Info.plist;
				INFOPLIST_KEY_CFBundleDisplayName = GeoBus;
				INFOPLIST_KEY_LSApplicationCategoryType = "public.app-category.navigation";
				INFOPLIST_KEY_NSLocationUsageDescription = "Your location will only be used to show you where you are on the map.";
				INFOPLIST_KEY_NSLocationWhenInUseUsageDescription = "Your location will only be used to show you where you are on the map.";
				INFOPLIST_KEY_UIApplicationSceneManifest_Generation = YES;
				INFOPLIST_KEY_UIApplicationSupportsIndirectInputEvents = YES;
				INFOPLIST_KEY_UILaunchScreen_Generation = YES;
				INFOPLIST_KEY_UISupportedInterfaceOrientations = "UIInterfaceOrientationPortrait UIInterfaceOrientationPortraitUpsideDown";
				IPHONEOS_DEPLOYMENT_TARGET = 16.0;
				LD_RUNPATH_SEARCH_PATHS = (
					"$(inherited)",
					"@executable_path/Frameworks",
				);
				MARKETING_VERSION = 1;
				PRODUCT_BUNDLE_IDENTIFIER = earth.joao.geobus;
				PRODUCT_NAME = "$(TARGET_NAME)";
				PROVISIONING_PROFILE_SPECIFIER = "";
				SUPPORTED_PLATFORMS = "iphoneos iphonesimulator";
				SUPPORTS_MACCATALYST = NO;
				SUPPORTS_MAC_DESIGNED_FOR_IPHONE_IPAD = NO;
				SWIFT_EMIT_LOC_STRINGS = YES;
				SWIFT_VERSION = 5.0;
				TARGETED_DEVICE_FAMILY = 1;
			};
			name = Release;
		};
/* End XCBuildConfiguration section */

/* Begin XCConfigurationList section */
		CF181FDD28CCB7D600248F72 /* Build configuration list for PBXProject "GeoBus" */ = {
			isa = XCConfigurationList;
			buildConfigurations = (
				CF181FEE28CCB7D700248F72 /* Debug */,
				CF181FEF28CCB7D700248F72 /* Release */,
			);
			defaultConfigurationIsVisible = 0;
			defaultConfigurationName = Release;
		};
		CF181FF028CCB7D700248F72 /* Build configuration list for PBXNativeTarget "GeoBus" */ = {
			isa = XCConfigurationList;
			buildConfigurations = (
				CF181FF128CCB7D700248F72 /* Debug */,
				CF181FF228CCB7D700248F72 /* Release */,
			);
			defaultConfigurationIsVisible = 0;
			defaultConfigurationName = Release;
		};
/* End XCConfigurationList section */

/* Begin XCRemoteSwiftPackageReference section */
		CFFF2D3B28D7C99C00E035E0 /* XCRemoteSwiftPackageReference "posthog-ios" */ = {
			isa = XCRemoteSwiftPackageReference;
			repositoryURL = "https://github.com/PostHog/posthog-ios.git";
			requirement = {
				kind = upToNextMajorVersion;
				minimumVersion = 2.0.0;
			};
		};
/* End XCRemoteSwiftPackageReference section */

/* Begin XCSwiftPackageProductDependency section */
		CFFF2D3C28D7C99C00E035E0 /* PostHog */ = {
			isa = XCSwiftPackageProductDependency;
			package = CFFF2D3B28D7C99C00E035E0 /* XCRemoteSwiftPackageReference "posthog-ios" */;
			productName = PostHog;
		};
/* End XCSwiftPackageProductDependency section */
	};
	rootObject = CF181FDA28CCB7D600248F72 /* Project object */;
}
